
Microsoft Visual Studio Solution File, Format Version 12.00
# Visual Studio 15
VisualStudioVersion = 15.0.26124.0
MinimumVisualStudioVersion = 15.0.26124.0
Project("{FAE04EC0-301F-11D3-BF4B-00C04F79EFBC}") = "tweets.app", "src\tweets.app.csproj", "{A1041BBF-EEC4-4233-A97B-C56F411D7103}"
EndProject
Project("{FAE04EC0-301F-11D3-BF4B-00C04F79EFBC}") = "tweets.test", "test\tweets.test.csproj", "{347989A3-8063-4BDC-9C2F-606B89B2752C}"
EndProject
Global
	GlobalSection(SolutionConfigurationPlatforms) = preSolution
		Debug|Any CPU = Debug|Any CPU
		Debug|x64 = Debug|x64
		Debug|x86 = Debug|x86
		Release|Any CPU = Release|Any CPU
		Release|x64 = Release|x64
		Release|x86 = Release|x86
	EndGlobalSection
	GlobalSection(SolutionProperties) = preSolution
		HideSolutionNode = FALSE
	EndGlobalSection
	GlobalSection(ProjectConfigurationPlatforms) = postSolution
		{A1041BBF-EEC4-4233-A97B-C56F411D7103}.Debug|Any CPU.ActiveCfg = Debug|Any CPU
		{A1041BBF-EEC4-4233-A97B-C56F411D7103}.Debug|Any CPU.Build.0 = Debug|Any CPU
		{A1041BBF-EEC4-4233-A97B-C56F411D7103}.Debug|x64.ActiveCfg = Debug|Any CPU
		{A1041BBF-EEC4-4233-A97B-C56F411D7103}.Debug|x64.Build.0 = Debug|Any CPU
		{A1041BBF-EEC4-4233-A97B-C56F411D7103}.Debug|x86.ActiveCfg = Debug|Any CPU
		{A1041BBF-EEC4-4233-A97B-C56F411D7103}.Debug|x86.Build.0 = Debug|Any CPU
		{A1041BBF-EEC4-4233-A97B-C56F411D7103}.Release|Any CPU.ActiveCfg = Release|Any CPU
		{A1041BBF-EEC4-4233-A97B-C56F411D7103}.Release|Any CPU.Build.0 = Release|Any CPU
		{A1041BBF-EEC4-4233-A97B-C56F411D7103}.Release|x64.ActiveCfg = Release|Any CPU
		{A1041BBF-EEC4-4233-A97B-C56F411D7103}.Release|x64.Build.0 = Release|Any CPU
		{A1041BBF-EEC4-4233-A97B-C56F411D7103}.Release|x86.ActiveCfg = Release|Any CPU
		{A1041BBF-EEC4-4233-A97B-C56F411D7103}.Release|x86.Build.0 = Release|Any CPU
		{347989A3-8063-4BDC-9C2F-606B89B2752C}.Debug|Any CPU.ActiveCfg = Debug|Any CPU
		{347989A3-8063-4BDC-9C2F-606B89B2752C}.Debug|Any CPU.Build.0 = Debug|Any CPU
		{347989A3-8063-4BDC-9C2F-606B89B2752C}.Debug|x64.ActiveCfg = Debug|Any CPU
		{347989A3-8063-4BDC-9C2F-606B89B2752C}.Debug|x64.Build.0 = Debug|Any CPU
		{347989A3-8063-4BDC-9C2F-606B89B2752C}.Debug|x86.ActiveCfg = Debug|Any CPU
		{347989A3-8063-4BDC-9C2F-606B89B2752C}.Debug|x86.Build.0 = Debug|Any CPU
		{347989A3-8063-4BDC-9C2F-606B89B2752C}.Release|Any CPU.ActiveCfg = Release|Any CPU
		{347989A3-8063-4BDC-9C2F-606B89B2752C}.Release|Any CPU.Build.0 = Release|Any CPU
		{347989A3-8063-4BDC-9C2F-606B89B2752C}.Release|x64.ActiveCfg = Release|Any CPU
		{347989A3-8063-4BDC-9C2F-606B89B2752C}.Release|x64.Build.0 = Release|Any CPU
		{347989A3-8063-4BDC-9C2F-606B89B2752C}.Release|x86.ActiveCfg = Release|Any CPU
		{347989A3-8063-4BDC-9C2F-606B89B2752C}.Release|x86.Build.0 = Release|Any CPU
	EndGlobalSection
EndGlobal
